# Generated by pub
# See https://dart.dev/tools/pub/glossary#lockfile
packages:
  args:
    dependency: transitive
    description:
      name: args
      sha256: d0481093c50b1da8910eb0bb301626d4d8eb7284aa739614d2b394ee09e3ea04
      url: "https://pub.dev"
    source: hosted
    version: "2.7.0"
  async:
    dependency: transitive
    description:
      name: async
      sha256: e2eb0491ba5ddb6177742d2da23904574082139b07c1e33b8503b9f46f3e1a37
      url: "https://pub.dev"
    source: hosted
    version: "2.13.1"
  audioplayers:
    dependency: "direct main"
    description:
      name: audioplayers
      sha256: "752039d6aa752597c98ec212e9759519061759e402e7da59a511f39d43aa07d2"
      url: "https://pub.dev"
    source: hosted
    version: "6.0.0"
  audioplayers_android:
    dependency: transitive
    description:
      name: audioplayers_android
      sha256: "60a6728277228413a85755bd3ffd6fab98f6555608923813ce383b190a360605"
      url: "https://pub.dev"
    source: hosted
    version: "5.2.1"
  audioplayers_darwin:
    dependency: transitive
    description:
      name: audioplayers_darwin
      sha256: c994b3bb3a921e4904ac40e013fbc94488e824fd7c1de6326f549943b0b44a91
      url: "https://pub.dev"
    source: hosted
    version: "6.4.0"
  audioplayers_linux:
    dependency: transitive
    description:
      name: audioplayers_linux
      sha256: f75bce1ce864170ef5e6a2c6a61cd3339e1a17ce11e99a25bae4474ea491d001
      url: "https://pub.dev"
    source: hosted
    version: "4.2.1"
  audioplayers_platform_interface:
    dependency: transitive
    description:
      name: audioplayers_platform_interface
      sha256: "0e2f6a919ab56d0fec272e801abc07b26ae7f31980f912f24af4748763e5a656"
      url: "https://pub.dev"
    source: hosted
    version: "7.1.1"
  audioplayers_web:
    dependency: transitive
    description:
      name: audioplayers_web
      sha256: "24a6f258062bd7da8cb2157e83fccb9816a08dd306cbaaa24f9813d071470545"
      url: "https://pub.dev"
    source: hosted
    version: "5.2.1"
  audioplayers_windows:
    dependency: transitive
    description:
      name: audioplayers_windows
      sha256: "95f875a96c88c3dbbcb608d4f8288e300b0113d256a81d0b3197fcc18f0dc91a"
      url: "https://pub.dev"
    source: hosted
    version: "4.3.1"
  cached_network_image:
    dependency: "direct main"
    description:
      name: cached_network_image
      sha256: "7c1183e361e5c8b0a0f21a28401eecdbde252441106a9816400dd4c2b2424916"
      url: "https://pub.dev"
    source: hosted
    version: "3.4.1"
  cached_network_image_platform_interface:
    dependency: transitive
    description:
      name: cached_network_image_platform_interface
      sha256: "35814b016e37fbdc91f7ae18c8caf49ba5c88501813f73ce8a07027a395e2829"
      url: "https://pub.dev"
    source: hosted
    version: "4.1.1"
  cached_network_image_web:
    dependency: transitive
    description:
      name: cached_network_image_web
      sha256: "980842f4e8e2535b8dbd3d5ca0b1f0ba66bf61d14cc3a17a9b4788a3685ba062"
      url: "https://pub.dev"
    source: hosted
    version: "1.3.1"
  characters:
    dependency: transitive
    description:
      name: characters
      sha256: faf38497bda5ead2a8c7615f4f7939df04333478bf32e4173fcb06d428b5716b
      url: "https://pub.dev"
    source: hosted
    version: "1.4.1"
  chat_uikit_keyboard_panel:
    dependency: "direct main"
    description:
      name: chat_uikit_keyboard_panel
      sha256: ddb7ade1143ffb9ab6d1af35aa10c63dcced9a57c6e3bcfefd7267be11500f35
      url: "https://pub.dev"
    source: hosted
    version: "0.1.2"
  chat_uikit_theme:
    dependency: "direct main"
    description:
      name: chat_uikit_theme
      sha256: a25ae9f2294ab00883f9dfbc8c506e6034b8605e2fdd12082ccd9411c25fecca
      url: "https://pub.dev"
    source: hosted
    version: "1.0.4"
  clock:
    dependency: transitive
    description:
      name: clock
      sha256: fddb70d9b5277016c77a80201021d40a2247104d9f4aa7bab7157b7e3f05b84b
      url: "https://pub.dev"
    source: hosted
    version: "1.1.2"
  code_assets:
    dependency: transitive
    description:
      name: code_assets
      sha256: bf394f466ba9205f1812a0433b392d6af280f155f56651eda7c18cc32ed493b8
      url: "https://pub.dev"
    source: hosted
    version: "1.2.1"
  collection:
    dependency: transitive
    description:
      name: collection
      sha256: "2f5709ae4d3d59dd8f7cd309b4e023046b57d8a6c82130785d2b0e5868084e76"
      url: "https://pub.dev"
    source: hosted
    version: "1.19.1"
  cross_file:
    dependency: transitive
    description:
      name: cross_file
      sha256: "92c9c43c383bfa1c32079d3bc492d55d6d4318044b7b47edaff8971cbb555c51"
      url: "https://pub.dev"
    source: hosted
    version: "0.3.5+4"
  crypto:
    dependency: transitive
    description:
      name: crypto
      sha256: c8ea0233063ba03258fbcf2ca4d6dadfefe14f02fab57702265467a19f27fadf
      url: "https://pub.dev"
    source: hosted
    version: "3.0.7"
  csslib:
    dependency: transitive
    description:
      name: csslib
      sha256: "09bad715f418841f976c77db72d5398dc1253c21fb9c0c7f0b0b985860b2d58e"
      url: "https://pub.dev"
    source: hosted
    version: "1.0.2"
  dbus:
    dependency: transitive
    description:
      name: dbus
      sha256: "0ce9b0a839e6dee59a37a623d2fc26a35bbbe6404213e419b0d6411023d62645"
      url: "https://pub.dev"
    source: hosted
    version: "0.7.14"
  ffi:
    dependency: transitive
    description:
      name: ffi
      sha256: "6d7fd89431262d8f3125e81b50d3847a091d846eafcd4fdb88dd06f36d705a45"
      url: "https://pub.dev"
    source: hosted
    version: "2.2.0"
  file:
    dependency: transitive
    description:
      name: file
      sha256: a3b4f84adafef897088c160faf7dfffb7696046cb13ae90b508c2cbc95d3b8d4
      url: "https://pub.dev"
    source: hosted
    version: "7.0.1"
  file_picker:
    dependency: "direct main"
    description:
      name: file_picker
      sha256: "57d9a1dd5063f85fa3107fb42d1faffda52fdc948cefd5fe5ea85267a5fc7343"
      url: "https://pub.dev"
    source: hosted
    version: "10.3.10"
  file_selector_linux:
    dependency: transitive
    description:
      name: file_selector_linux
      sha256: "2567f398e06ac72dcf2e98a0c95df2a9edd03c2c2e0cacd4780f20cdf56263a0"
      url: "https://pub.dev"
    source: hosted
    version: "0.9.4"
  file_selector_macos:
    dependency: transitive
    description:
      name: file_selector_macos
      sha256: "5e0bbe9c312416f1787a68259ea1505b52f258c587f12920422671807c4d618a"
      url: "https://pub.dev"
    source: hosted
    version: "0.9.5"
  file_selector_platform_interface:
    dependency: transitive
    description:
      name: file_selector_platform_interface
      sha256: "35e0bd61ebcdb91a3505813b055b09b79dfdc7d0aee9c09a7ba59ae4bb13dc85"
      url: "https://pub.dev"
    source: hosted
    version: "2.7.0"
  file_selector_windows:
    dependency: transitive
    description:
      name: file_selector_windows
      sha256: "62197474ae75893a62df75939c777763d39c2bc5f73ce5b88497208bc269abfd"
      url: "https://pub.dev"
    source: hosted
    version: "0.9.3+5"
  fixnum:
    dependency: transitive
    description:
      name: fixnum
      sha256: b6dc7065e46c974bc7c5f143080a6764ec7a4be6da1285ececdc37be96de53be
      url: "https://pub.dev"
    source: hosted
    version: "1.1.1"
  flutter:
    dependency: "direct main"
    description: flutter
    source: sdk
    version: "0.0.0"
  flutter_cache_manager:
    dependency: transitive
    description:
      name: flutter_cache_manager
      sha256: "400b6592f16a4409a7f2bb929a9a7e38c72cceb8ffb99ee57bbf2cb2cecf8386"
      url: "https://pub.dev"
    source: hosted
    version: "3.4.1"
  flutter_lints:
    dependency: "direct dev"
    description:
      name: flutter_lints
      sha256: a25a15ebbdfc33ab1cd26c63a6ee519df92338a9c10f122adda92938253bef04
      url: "https://pub.dev"
    source: hosted
    version: "2.0.3"
  flutter_localization:
    dependency: "direct main"
    description:
      name: flutter_localization
      sha256: faaeb1eba307473032e2c2af737f36ced61fc98735608410d0a6d9c231b50912
      url: "https://pub.dev"
    source: hosted
    version: "0.2.0"
  flutter_localizations:
    dependency: transitive
    description: flutter
    source: sdk
    version: "0.0.0"
  flutter_plugin_android_lifecycle:
    dependency: transitive
    description:
      name: flutter_plugin_android_lifecycle
      sha256: "3854fe5e3bff0b113c658f260b90c95dea17c92db0f2addeac2e343dd9969785"
      url: "https://pub.dev"
    source: hosted
    version: "2.0.35"
  flutter_web_plugins:
    dependency: transitive
    description: flutter
    source: sdk
    version: "0.0.0"
  hooks:
    dependency: transitive
    description:
      name: hooks
      sha256: "9a62a50b50b769a737bc0a8ff381f333529df3ab746b2f6b02e83760231455ba"
      url: "https://pub.dev"
    source: hosted
    version: "2.0.2"
  html:
    dependency: "direct main"
    description:
      name: html
      sha256: "6d1264f2dffa1b1101c25a91dff0dc2daee4c18e87cd8538729773c073dbf602"
      url: "https://pub.dev"
    source: hosted
    version: "0.15.6"
  http:
    dependency: transitive
    description:
      name: http
      sha256: "87721a4a50b19c7f1d49001e51409bddc46303966ce89a65af4f4e6004896412"
      url: "https://pub.dev"
    source: hosted
    version: "1.6.0"
  http_parser:
    dependency: transitive
    description:
      name: http_parser
      sha256: "178d74305e7866013777bab2c3d8726205dc5a4dd935297175b19a23a2e66571"
      url: "https://pub.dev"
    source: hosted
    version: "4.1.2"
  im_flutter_sdk:
    dependency: "direct main"
    description:
      name: im_flutter_sdk
      sha256: "58c9e780ed25251e1e99ec95b08f0f2155948c016edff6e18ee957616d9725ab"
      url: "https://pub.dev"
    source: hosted
    version: "4.22.0"
  im_flutter_sdk_android:
    dependency: transitive
    description:
      name: im_flutter_sdk_android
      sha256: "4941e426556e5d6c7b01093cffdc25aa593ed42b9291859fe39824dc4839069b"
      url: "https://pub.dev"
    source: hosted
    version: "4.22.0"
  im_flutter_sdk_interface:
    dependency: transitive
    description:
      name: im_flutter_sdk_interface
      sha256: b6253e8035331f8801438fefea9692d1237d625031fef3f14719012d0301c6e0
      url: "https://pub.dev"
    source: hosted
    version: "4.22.0"
  im_flutter_sdk_ios:
    dependency: transitive
    description:
      name: im_flutter_sdk_ios
      sha256: "3c2c73cdcb72179a641839a871b8912a36f778a8a90f0a55d1fda4885c15cc07"
      url: "https://pub.dev"
    source: hosted
    version: "4.22.0"
  image_picker:
    dependency: "direct main"
    description:
      name: image_picker
      sha256: d8402284df184bc05f4a2210c6c23983b0720f4cd87cbd05c5390a78af602667
      url: "https://pub.dev"
    source: hosted
    version: "1.2.3"
  image_picker_android:
    dependency: transitive
    description:
      name: image_picker_android
      sha256: d5b3e1774af29c9ab00103afb0d4614070f924d2e0057ac867ec98800114793f
      url: "https://pub.dev"
    source: hosted
    version: "0.8.13+17"
  image_picker_for_web:
    dependency: transitive
    description:
      name: image_picker_for_web
      sha256: "66257a3191ab360d23a55c8241c91a6e329d31e94efa7be9cf7a212e65850214"
      url: "https://pub.dev"
    source: hosted
    version: "3.1.1"
  image_picker_ios:
    dependency: transitive
    description:
      name: image_picker_ios
      sha256: b9c4a438a9ff4f60808c9cf0039b93a42bb6c2211ef6ebb647394b2b3fa84588
      url: "https://pub.dev"
    source: hosted
    version: "0.8.13+6"
  image_picker_linux:
    dependency: transitive
    description:
      name: image_picker_linux
      sha256: "1f81c5f2046b9ab724f85523e4af65be1d47b038160a8c8deed909762c308ed4"
      url: "https://pub.dev"
    source: hosted
    version: "0.2.2"
  image_picker_macos:
    dependency: transitive
    description:
      name: image_picker_macos
      sha256: "86f0f15a309de7e1a552c12df9ce5b59fe927e71385329355aec4776c6a8ec91"
      url: "https://pub.dev"
    source: hosted
    version: "0.2.2+1"
  image_picker_platform_interface:
    dependency: transitive
    description:
      name: image_picker_platform_interface
      sha256: "567e056716333a1647c64bb6bd873cff7622233a5c3f694be28a583d4715690c"
      url: "https://pub.dev"
    source: hosted
    version: "2.11.1"
  image_picker_windows:
    dependency: transitive
    description:
      name: image_picker_windows
      sha256: d248c86554a72b5495a31c56f060cf73a41c7ff541689327b1a7dbccc33adfae
      url: "https://pub.dev"
    source: hosted
    version: "0.2.2"
  intl:
    dependency: transitive
    description:
      name: intl
      sha256: "1ca20c894b1717686a2319b8548763d812bc0aabdac580420a44c5178c57a867"
      url: "https://pub.dev"
    source: hosted
    version: "0.20.3"
  jni:
    dependency: transitive
    description:
      name: jni
      sha256: c2230682d5bc2362c1c9e8d3c7f406d9cbba23ab3f2e203a025dd47e0fb2e68f
      url: "https://pub.dev"
    source: hosted
    version: "1.0.0"
  jni_flutter:
    dependency: transitive
    description:
      name: jni_flutter
      sha256: "8b59e590786050b1cd866677dddaf76b1ade5e7bc751abe04b86e84d379d3ba6"
      url: "https://pub.dev"
    source: hosted
    version: "1.0.1"
  lints:
    dependency: transitive
    description:
      name: lints
      sha256: "0a217c6c989d21039f1498c3ed9f3ed71b354e69873f13a8dfc3c9fe76f1b452"
      url: "https://pub.dev"
    source: hosted
    version: "2.1.1"
  logging:
    dependency: transitive
    description:
      name: logging
      sha256: c8245ada5f1717ed44271ed1c26b8ce85ca3228fd2ffdb75468ab01979309d61
      url: "https://pub.dev"
    source: hosted
    version: "1.3.0"
  material_color_utilities:
    dependency: transitive
    description:
      name: material_color_utilities
      sha256: "9c337007e82b1889149c82ed242ed1cb24a66044e30979c44912381e9be4c48b"
      url: "https://pub.dev"
    source: hosted
    version: "0.13.0"
  meta:
    dependency: transitive
    description:
      name: meta
      sha256: "307249ce4ff29d58a18e97f6345f539382eb9c9c29ecda628900f31de0443dd9"
      url: "https://pub.dev"
    source: hosted
    version: "1.19.0"
  mime:
    dependency: transitive
    description:
      name: mime
      sha256: "41a20518f0cb1256669420fdba0cd90d21561e560ac240f26ef8322e45bb7ed6"
      url: "https://pub.dev"
    source: hosted
    version: "2.0.0"
  objective_c:
    dependency: transitive
    description:
      name: objective_c
      sha256: "6cb691c686fa2838c6deb34980d426145c2a5d537491cb83d463c33cdbc726ed"
      url: "https://pub.dev"
    source: hosted
    version: "9.4.1"
  octo_image:
    dependency: transitive
    description:
      name: octo_image
      sha256: "34faa6639a78c7e3cbe79be6f9f96535867e879748ade7d17c9b1ae7536293bd"
      url: "https://pub.dev"
    source: hosted
    version: "2.1.0"
  package_config:
    dependency: transitive
    description:
      name: package_config
      sha256: f096c55ebb7deb7e384101542bfba8c52696c1b56fca2eb62827989ef2353bbc
      url: "https://pub.dev"
    source: hosted
    version: "2.2.0"
  path:
    dependency: transitive
    description:
      name: path
      sha256: "75cca69d1490965be98c73ceaea117e8a04dd21217b37b292c9ddbec0d955bc5"
      url: "https://pub.dev"
    source: hosted
    version: "1.9.1"
  path_provider:
    dependency: "direct main"
    description:
      name: path_provider
      sha256: fec0d61223fba3154d87759e3cc27fe2c8dc498f6386c6d6fc80d1afdd1bf378
      url: "https://pub.dev"
    source: hosted
    version: "2.1.4"
  path_provider_android:
    dependency: transitive
    description:
      name: path_provider_android
      sha256: "69cbd515a62b94d32a7944f086b2f82b4ac40a1d45bebfc00813a430ab2dabcd"
      url: "https://pub.dev"
    source: hosted
    version: "2.3.1"
  path_provider_foundation:
    dependency: transitive
    description:
      name: path_provider_foundation
      sha256: "2a376b7d6392d80cd3705782d2caa734ca4727776db0b6ec36ef3f1855197699"
      url: "https://pub.dev"
    source: hosted
    version: "2.6.0"
  path_provider_linux:
    dependency: transitive
    description:
      name: path_provider_linux
      sha256: "58c2005f147315b11e9b4a7bc889cd5203e250cba8e3f012dae259b4972b5c16"
      url: "https://pub.dev"
    source: hosted
    version: "2.2.2"
  path_provider_platform_interface:
    dependency: transitive
    description:
      name: path_provider_platform_interface
      sha256: "484838772624c3a4b94f1e44a3e19897fee738f2d5c4ce448443b0417f7c9dda"
      url: "https://pub.dev"
    source: hosted
    version: "2.1.3"
  path_provider_windows:
    dependency: transitive
    description:
      name: path_provider_windows
      sha256: bd6f00dbd873bfb70d0761682da2b3a2c2fccc2b9e84c495821639601d81afe7
      url: "https://pub.dev"
    source: hosted
    version: "2.3.0"
  petitparser:
    dependency: transitive
    description:
      name: petitparser
      sha256: "91bd59303e9f769f108f8df05e371341b15d59e995e6806aefab827b58336675"
      url: "https://pub.dev"
    source: hosted
    version: "7.0.2"
  platform:
    dependency: transitive
    description:
      name: platform
      sha256: "5d6b1b0036a5f331ebc77c850ebc8506cbc1e9416c27e59b439f917a902a4984"
      url: "https://pub.dev"
    source: hosted
    version: "3.1.6"
  plugin_platform_interface:
    dependency: transitive
    description:
      name: plugin_platform_interface
      sha256: "4820fbfdb9478b1ebae27888254d445073732dae3d6ea81f0b7e06d5dedc3f02"
      url: "https://pub.dev"
    source: hosted
    version: "2.1.8"
  pub_semver:
    dependency: transitive
    description:
      name: pub_semver
      sha256: "5bfcf68ca79ef689f8990d1160781b4bad40a3bd5e5218ad4076ddb7f4081585"
      url: "https://pub.dev"
    source: hosted
    version: "2.2.0"
  record:
    dependency: "direct main"
    description:
      name: record
      sha256: "9dbc6ff3e784612f90a9b001373c45ff76b7a08abd2bd9fdf72c242320c8911c"
      url: "https://pub.dev"
    source: hosted
    version: "6.1.1"
  record_android:
    dependency: transitive
    description:
      name: record_android
      sha256: eb1732e42d0d2a1895b8db86e4fc917287e6d8491b6ed59918aea8bed6c69de4
      url: "https://pub.dev"
    source: hosted
    version: "1.5.2"
  record_ios:
    dependency: transitive
    description:
      name: record_ios
      sha256: c051fb48edd7a0e265daafb9108730dc827c27b551728a3fdfb3ef69efd89c73
      url: "https://pub.dev"
    source: hosted
    version: "1.2.1"
  record_linux:
    dependency: transitive
    description:
      name: record_linux
      sha256: "31181787bf7eccb0e298835836b69b3cd0a903863b75d70e937de3dec71cd8f3"
      url: "https://pub.dev"
    source: hosted
    version: "1.3.1"
  record_macos:
    dependency: transitive
    description:
      name: record_macos
      sha256: cfe1b61435e27db418bf513dc36820d10c9f7eb1843786c2c9a52e07e2f4f627
      url: "https://pub.dev"
    source: hosted
    version: "1.2.2"
  record_platform_interface:
    dependency: transitive
    description:
      name: record_platform_interface
      sha256: "8e56cbe06c6984137fb86132ff03459f29938d927496d9b2d0962e2d6345d488"
      url: "https://pub.dev"
    source: hosted
    version: "1.6.0"
  record_use:
    dependency: transitive
    description:
      name: record_use
      sha256: "2551bd8eecfe95d14ae75f6021ad0248be5c27f138c2ec12fcb52b500b3ba1ed"
      url: "https://pub.dev"
    source: hosted
    version: "0.6.0"
  record_web:
    dependency: transitive
    description:
      name: record_web
      sha256: "7e9846981c1f2d111d86f0ae3309071f5bba8b624d1c977316706f08fc31d16d"
      url: "https://pub.dev"
    source: hosted
    version: "1.3.0"
  record_windows:
    dependency: transitive
    description:
      name: record_windows
      sha256: "223258060a1d25c62bae18282c16783f28581ec19401d17e56b5205b9f039d78"
      url: "https://pub.dev"
    source: hosted
    version: "1.0.7"
  rxdart:
    dependency: transitive
    description:
      name: rxdart
      sha256: "5c3004a4a8dbb94bd4bf5412a4def4acdaa12e12f269737a5751369e12d1a962"
      url: "https://pub.dev"
    source: hosted
    version: "0.28.0"
  scroll_to_index:
    dependency: "direct main"
    description:
      name: scroll_to_index
      sha256: b707546e7500d9f070d63e5acf74fd437ec7eeeb68d3412ef7b0afada0b4f176
      url: "https://pub.dev"
    source: hosted
    version: "3.0.1"
  shared_preferences:
    dependency: "direct main"
    description:
      name: shared_preferences
      sha256: d3bbe5553a986e83980916ded2f0b435ef2e1893dfaa29d5a7a790d0eca12180
      url: "https://pub.dev"
    source: hosted
    version: "2.2.3"
  shared_preferences_android:
    dependency: transitive
    description:
      name: shared_preferences_android
      sha256: e8d4762b1e2e8578fc4d0fd548cebf24afd24f49719c08974df92834565e2c53
      url: "https://pub.dev"
    source: hosted
    version: "2.4.23"
  shared_preferences_foundation:
    dependency: transitive
    description:
      name: shared_preferences_foundation
      sha256: "4e7eaffc2b17ba398759f1151415869a34771ba11ebbccd1b0145472a619a64f"
      url: "https://pub.dev"
    source: hosted
    version: "2.5.6"
  shared_preferences_linux:
    dependency: transitive
    description:
      name: shared_preferences_linux
      sha256: "580abfd40f415611503cae30adf626e6656dfb2f0cee8f465ece7b6defb40f2f"
      url: "https://pub.dev"
    source: hosted
    version: "2.4.1"
  shared_preferences_platform_interface:
    dependency: transitive
    description:
      name: shared_preferences_platform_interface
      sha256: "649dc798a33931919ea356c4305c2d1f81619ea6e92244070b520187b5140ef9"
      url: "https://pub.dev"
    source: hosted
    version: "2.4.2"
  shared_preferences_web:
    dependency: transitive
    description:
      name: shared_preferences_web
      sha256: c49bd060261c9a3f0ff445892695d6212ff603ef3115edbb448509d407600019
      url: "https://pub.dev"
    source: hosted
    version: "2.4.3"
  shared_preferences_windows:
    dependency: transitive
    description:
      name: shared_preferences_windows
      sha256: "94ef0f72b2d71bc3e700e025db3710911bd51a71cefb65cc609dd0d9a982e3c1"
      url: "https://pub.dev"
    source: hosted
    version: "2.4.1"
  sky_engine:
    dependency: transitive
    description: flutter
    source: sdk
    version: "0.0.0"
  source_span:
    dependency: transitive
    description:
      name: source_span
      sha256: "56a02f1f4cd1a2d96303c0144c93bd6d909eea6bee6bf5a0e0b685edbd4c47ab"
      url: "https://pub.dev"
    source: hosted
    version: "1.10.2"
  sqflite:
    dependency: transitive
    description:
      name: sqflite
      sha256: "564cfed0746fe53140c23b70b308e045c3b31f17778f2f326ccb7d804ea0250a"
      url: "https://pub.dev"
    source: hosted
    version: "2.4.2+1"
  sqflite_android:
    dependency: transitive
    description:
      name: sqflite_android
      sha256: "881e28efdcc9950fd8e9bb42713dcf1103e62a2e7168f23c9338d82db13dec40"
      url: "https://pub.dev"
    source: hosted
    version: "2.4.2+3"
  sqflite_common:
    dependency: transitive
    description:
      name: sqflite_common
      sha256: "1581ffbf7a0e333b380d6a30737d78516b826cb35beb7fb0bf8a3ea0c678b465"
      url: "https://pub.dev"
    source: hosted
    version: "2.5.8"
  sqflite_darwin:
    dependency: transitive
    description:
      name: sqflite_darwin
      sha256: "279832e5cde3fe99e8571879498c9211f3ca6391b0d818df4e17d9fff5c6ccb3"
      url: "https://pub.dev"
    source: hosted
    version: "2.4.2"
  sqflite_platform_interface:
    dependency: transitive
    description:
      name: sqflite_platform_interface
      sha256: "8dd4515c7bdcae0a785b0062859336de775e8c65db81ae33dd5445f35be61920"
      url: "https://pub.dev"
    source: hosted
    version: "2.4.0"
  string_scanner:
    dependency: transitive
    description:
      name: string_scanner
      sha256: "921cd31725b72fe181906c6a94d987c78e3b98c2e205b397ea399d4054872b43"
      url: "https://pub.dev"
    source: hosted
    version: "1.4.1"
  synchronized:
    dependency: transitive
    description:
      name: synchronized
      sha256: "63896c27e81b28f8cb4e69ead0d3e8f03f1d1e5fc531a3e579cabed6a2c7c9e5"
      url: "https://pub.dev"
    source: hosted
    version: "3.4.0+1"
  term_glyph:
    dependency: transitive
    description:
      name: term_glyph
      sha256: "7f554798625ea768a7518313e58f83891c7f5024f88e46e7182a4558850a4b8e"
      url: "https://pub.dev"
    source: hosted
    version: "1.2.2"
  typed_data:
    dependency: transitive
    description:
      name: typed_data
      sha256: f9049c039ebfeb4cf7a7104a675823cd72dba8297f264b6637062516699fa006
      url: "https://pub.dev"
    source: hosted
    version: "1.4.0"
  uuid:
    dependency: transitive
    description:
      name: uuid
      sha256: "1fef9e8e11e2991bb773070d4656b7bd5d850967a2456cfc83cf47925ba79489"
      url: "https://pub.dev"
    source: hosted
    version: "4.5.3"
  vector_math:
    dependency: transitive
    description:
      name: vector_math
      sha256: f36f9f3be64c6198714492bb455c11056e33e2f85d9a0b676a48301e44fdcf47
      url: "https://pub.dev"
    source: hosted
    version: "2.4.2"
  video_compress:
    dependency: "direct main"
    description:
      name: video_compress
      sha256: "31bc5cdb9a02ba666456e5e1907393c28e6e0e972980d7d8d619a7beda0d4f20"
      url: "https://pub.dev"
    source: hosted
    version: "3.1.4"
  video_player:
    dependency: "direct main"
    description:
      name: video_player
      sha256: "7d78f0cfaddc8c19d4cb2d3bebe1bfef11f2103b0a03e5398b303a1bf65eeb14"
      url: "https://pub.dev"
    source: hosted
    version: "2.9.5"
  video_player_android:
    dependency: transitive
    description:
      name: video_player_android
      sha256: "877a6c7ba772456077d7bfd71314629b3fe2b73733ce503fc77c3314d43a0ca0"
      url: "https://pub.dev"
    source: hosted
    version: "2.9.5"
  video_player_avfoundation:
    dependency: transitive
    description:
      name: video_player_avfoundation
      sha256: "76097729ef0c976937945afa53f1ca3afa9b50c9a95909ba347bcf93270466fd"
      url: "https://pub.dev"
    source: hosted
    version: "2.10.0"
  video_player_platform_interface:
    dependency: transitive
    description:
      name: video_player_platform_interface
      sha256: e4ae5bc934b528e5b95c5e47be2812860186260cd3eed3ac62f5ed380fdd1613
      url: "https://pub.dev"
    source: hosted
    version: "6.8.0"
  video_player_web:
    dependency: transitive
    description:
      name: video_player_web
      sha256: "9f3c00be2ef9b76a95d94ac5119fb843dca6f2c69e6c9968f6f2b6c9e7afbdeb"
      url: "https://pub.dev"
    source: hosted
    version: "2.4.0"
  web:
    dependency: transitive
    description:
      name: web
      sha256: "868d88a33d8a87b18ffc05f9f030ba328ffefba92d6c127917a2ba740f9cfe4a"
      url: "https://pub.dev"
    source: hosted
    version: "1.1.1"
  win32:
    dependency: transitive
    description:
      name: win32
      sha256: d7cb55e04cd34096cd3a79b3330245f54cb96a370a1c27adb3c84b917de8b08e
      url: "https://pub.dev"
    source: hosted
    version: "5.15.0"
  xdg_directories:
    dependency: transitive
    description:
      name: xdg_directories
      sha256: "7a3f37b05d989967cdddcbb571f1ea834867ae2faa29725fd085180e0883aa15"
      url: "https://pub.dev"
    source: hosted
    version: "1.1.0"
  xml:
    dependency: transitive
    description:
      name: xml
      sha256: "971043b3a0d3da28727e40ed3e0b5d18b742fa5a68665cca88e74b7876d5e025"
      url: "https://pub.dev"
    source: hosted
    version: "6.6.1"
  yaml:
    dependency: transitive
    description:
      name: yaml
      sha256: b9da305ac7c39faa3f030eccd175340f968459dae4af175130b3fc47e40d76ce
      url: "https://pub.dev"
    source: hosted
    version: "3.1.3"
sdks:
  dart: ">=3.11.0 <4.0.0"
  flutter: ">=3.38.4"
